
Microsoft Visual Studio Solution File, Format Version 12.00
# Visual Studio Version 16
VisualStudioVersion = 16.0.29319.158
MinimumVisualStudioVersion = 10.0.40219.1
Project("{FAE04EC0-301F-11D3-BF4B-00C04F79EFBC}") = "Debit", "Debit\Debit.csproj", "{5B6EEB05-BE2D-4C85-8765-2F571073867D}"
EndProject
Global
	GlobalSection(SolutionConfigurationPlatforms) = preSolution
		Debug|Any CPU = Debug|Any CPU
		Release|Any CPU = Release|Any CPU
	EndGlobalSection
	GlobalSection(ProjectConfigurationPlatforms) = postSolution
		{5B6EEB05-BE2D-4C85-8765-2F571073867D}.Debug|Any CPU.ActiveCfg = Debug|Any CPU
		{5B6EEB05-BE2D-4C85-8765-2F571073867D}.Debug|Any CPU.Build.0 = Debug|Any CPU
		{5B6EEB05-BE2D-4C85-8765-2F571073867D}.Release|Any CPU.ActiveCfg = Release|Any CPU
		{5B6EEB05-BE2D-4C85-8765-2F571073867D}.Release|Any CPU.Build.0 = Release|Any CPU
	EndGlobalSection
	GlobalSection(SolutionProperties) = preSolution
		HideSolutionNode = FALSE
	EndGlobalSection
	GlobalSection(ExtensibilityGlobals) = postSolution
		SolutionGuid = {54EF94F9-95C3-47E0-967D-213A50D47B15}
	EndGlobalSection
EndGlobal
